// !$*UTF8*$!
{
	archiveVersion = 1;
	classes = {
	};
	objectVersion = 56;
	objects = {

/* Begin PBXBuildFile section */
		19489CD72BCD7A6A00434A4B /* AppDelegate.swift in Sources */ = {isa = PBXBuildFile; fileRef = 19489CD62BCD7A6A00434A4B /* AppDelegate.swift */; };
		19489CD92BCD7A6A00434A4B /* SceneDelegate.swift in Sources */ = {isa = PBXBuildFile; fileRef = 19489CD82BCD7A6A00434A4B /* SceneDelegate.swift */; };
		19489CDB2BCD7A6A00434A4B /* ViewController.swift in Sources */ = {isa = PBXBuildFile; fileRef = 19489CDA2BCD7A6A00434A4B /* ViewController.swift */; };
		19489CDE2BCD7A6A00434A4B /* Base in Resources */ = {isa = PBXBuildFile; fileRef = 19489CDD2BCD7A6A00434A4B /* Base */; };
		19489CE02BCD7A6D00434A4B /* Assets.xcassets in Resources */ = {isa = PBXBuildFile; fileRef = 19489CDF2BCD7A6D00434A4B /* Assets.xcassets */; };
		19489CE32BCD7A6D00434A4B /* Base in Resources */ = {isa = PBXBuildFile; fileRef = 19489CE22BCD7A6D00434A4B /* Base */; };
		19489CEE2BCD7A6D00434A4B /* TabViewExampleTests.swift in Sources */ = {isa = PBXBuildFile; fileRef = 19489CED2BCD7A6D00434A4B /* TabViewExampleTests.swift */; };
		19489CF82BCD7A6D00434A4B /* TabViewExampleUITests.swift in Sources */ = {isa = PBXBuildFile; fileRef = 19489CF72BCD7A6D00434A4B /* TabViewExampleUITests.swift */; };
		19489CFA2BCD7A6D00434A4B /* TabViewExampleUITestsLaunchTests.swift in Sources */ = {isa = PBXBuildFile; fileRef = 19489CF92BCD7A6D00434A4B /* TabViewExampleUITestsLaunchTests.swift */; };
		19489D092BCEE5CA00434A4B /* TodoModel.swift in Sources */ = {isa = PBXBuildFile; fileRef = 19489D082BCEE5CA00434A4B /* TodoModel.swift */; };
		19489D0C2BCEE75300434A4B /* CustomTableViewCell.swift in Sources */ = {isa = PBXBuildFile; fileRef = 19489D0A2BCEE75300434A4B /* CustomTableViewCell.swift */; };
		19489D0D2BCEE75300434A4B /* CustomTableViewCell.xib in Resources */ = {isa = PBXBuildFile; fileRef = 19489D0B2BCEE75300434A4B /* CustomTableViewCell.xib */; };
		19489D0F2BCEEC8800434A4B /* AddTodoController.swift in Sources */ = {isa = PBXBuildFile; fileRef = 19489D0E2BCEEC8800434A4B /* AddTodoController.swift */; };
/* End PBXBuildFile section */

/* Begin PBXContainerItemProxy section */
		19489CEA2BCD7A6D00434A4B /* PBXContainerItemProxy */ = {
			isa = PBXContainerItemProxy;
			containerPortal = 19489CCB2BCD7A6A00434A4B /* Project object */;
			proxyType = 1;
			remoteGlobalIDString = 19489CD22BCD7A6A00434A4B;
			remoteInfo = TabViewExample;
		};
		19489CF42BCD7A6D00434A4B /* PBXContainerItemProxy */ = {
			isa = PBXContainerItemProxy;
			containerPortal = 19489CCB2BCD7A6A00434A4B /* Project object */;
			proxyType = 1;
			remoteGlobalIDString = 19489CD22BCD7A6A00434A4B;
			remoteInfo = TabViewExample;
		};
/* End PBXContainerItemProxy section */

/* Begin PBXFileReference section */
		19489CD32BCD7A6A00434A4B /* TabViewExample.app */ = {isa = PBXFileReference; explicitFileType = wrapper.application; includeInIndex = 0; path = TabViewExample.app; sourceTree = BUILT_PRODUCTS_DIR; };
		19489CD62BCD7A6A00434A4B /* AppDelegate.swift */ = {isa = PBXFileReference; lastKnownFileType = sourcecode.swift; path = AppDelegate.swift; sourceTree = "<group>"; };
		19489CD82BCD7A6A00434A4B /* SceneDelegate.swift */ = {isa = PBXFileReference; lastKnownFileType = sourcecode.swift; path = SceneDelegate.swift; sourceTree = "<group>"; };
		19489CDA2BCD7A6A00434A4B /* ViewController.swift */ = {isa = PBXFileReference; lastKnownFileType = sourcecode.swift; path = ViewController.swift; sourceTree = "<group>"; };
		19489CDD2BCD7A6A00434A4B /* Base */ = {isa = PBXFileReference; lastKnownFileType = file.storyboard; name = Base; path = Base.lproj/Main.storyboard; sourceTree = "<group>"; };
		19489CDF2BCD7A6D00434A4B /* Assets.xcassets */ = {isa = PBXFileReference; lastKnownFileType = folder.assetcatalog; path = Assets.xcassets; sourceTree = "<group>"; };
		19489CE22BCD7A6D00434A4B /* Base */ = {isa = PBXFileReference; lastKnownFileType = file.storyboard; name = Base; path = Base.lproj/LaunchScreen.storyboard; sourceTree = "<group>"; };
		19489CE42BCD7A6D00434A4B /* Info.plist */ = {isa = PBXFileReference; lastKnownFileType = text.plist.xml; path = Info.plist; sourceTree = "<group>"; };
		19489CE92BCD7A6D00434A4B /* TabViewExampleTests.xctest */ = {isa = PBXFileReference; explicitFileType = wrapper.cfbundle; includeInIndex = 0; path = TabViewExampleTests.xctest; sourceTree = BUILT_PRODUCTS_DIR; };
		19489CED2BCD7A6D00434A4B /* TabViewExampleTests.swift */ = {isa = PBXFileReference; lastKnownFileType = sourcecode.swift; path = TabViewExampleTests.swift; sourceTree = "<group>"; };
		19489CF32BCD7A6D00434A4B /* TabViewExampleUITests.xctest */ = {isa = PBXFileReference; explicitFileType = wrapper.cfbundle; includeInIndex = 0; path = TabViewExampleUITests.xctest; sourceTree = BUILT_PRODUCTS_DIR; };
		19489CF72BCD7A6D00434A4B /* TabViewExampleUITests.swift */ = {isa = PBXFileReference; lastKnownFileType = sourcecode.swift; path = TabViewExampleUITests.swift; sourceTree = "<group>"; };
		19489CF92BCD7A6D00434A4B /* TabViewExampleUITestsLaunchTests.swift */ = {isa = PBXFileReference; lastKnownFileType = sourcecode.swift; path = TabViewExampleUITestsLaunchTests.swift; sourceTree = "<group>"; };
		19489D082BCEE5CA00434A4B /* TodoModel.swift */ = {isa = PBXFileReference; lastKnownFileType = sourcecode.swift; path = TodoModel.swift; sourceTree = "<group>"; };
		19489D0A2BCEE75300434A4B /* CustomTableViewCell.swift */ = {isa = PBXFileReference; lastKnownFileType = sourcecode.swift; path = CustomTableViewCell.swift; sourceTree = "<group>"; };
		19489D0B2BCEE75300434A4B /* CustomTableViewCell.xib */ = {isa = PBXFileReference; lastKnownFileType = file.xib; path = CustomTableViewCell.xib; sourceTree = "<group>"; };
		19489D0E2BCEEC8800434A4B /* AddTodoController.swift */ = {isa = PBXFileReference; lastKnownFileType = sourcecode.swift; path = AddTodoController.swift; sourceTree = "<group>"; };
/* End PBXFileReference section */

/* Begin PBXFrameworksBuildPhase section */
		19489CD02BCD7A6A00434A4B /* Frameworks */ = {
			isa = PBXFrameworksBuildPhase;
			buildActionMask = 2147483647;
			files = (
			);
			runOnlyForDeploymentPostprocessing = 0;
		};
		19489CE62BCD7A6D00434A4B /* Frameworks */ = {
			isa = PBXFrameworksBuildPhase;
			buildActionMask = 2147483647;
			files = (
			);
			runOnlyForDeploymentPostprocessing = 0;
		};
		19489CF02BCD7A6D00434A4B /* Frameworks */ = {
			isa = PBXFrameworksBuildPhase;
			buildActionMask = 2147483647;
			files = (
			);
			runOnlyForDeploymentPostprocessing = 0;
		};
/* End PBXFrameworksBuildPhase section */

/* Begin PBXGroup section */
		19489CCA2BCD7A6A00434A4B = {
			isa = PBXGroup;
			children = (
				19489CD52BCD7A6A00434A4B /* TabViewExample */,
				19489CEC2BCD7A6D00434A4B /* TabViewExampleTests */,
				19489CF62BCD7A6D00434A4B /* TabViewExampleUITests */,
				19489CD42BCD7A6A00434A4B /* Products */,
			);
			sourceTree = "<group>";
		};
		19489CD42BCD7A6A00434A4B /* Products */ = {
			isa = PBXGroup;
			children = (
				19489CD32BCD7A6A00434A4B /* TabViewExample.app */,
				19489CE92BCD7A6D00434A4B /* TabViewExampleTests.xctest */,
				19489CF32BCD7A6D00434A4B /* TabViewExampleUITests.xctest */,
			);
			name = Products;
			sourceTree = "<group>";
		};
		19489CD52BCD7A6A00434A4B /* TabViewExample */ = {
			isa = PBXGroup;
			children = (
				19489CD62BCD7A6A00434A4B /* AppDelegate.swift */,
				19489CD82BCD7A6A00434A4B /* SceneDelegate.swift */,
				19489D082BCEE5CA00434A4B /* TodoModel.swift */,
				19489CDA2BCD7A6A00434A4B /* ViewController.swift */,
				19489D0E2BCEEC8800434A4B /* AddTodoController.swift */,
				19489CDC2BCD7A6A00434A4B /* Main.storyboard */,
				19489CDF2BCD7A6D00434A4B /* Assets.xcassets */,
				19489CE12BCD7A6D00434A4B /* LaunchScreen.storyboard */,
				19489CE42BCD7A6D00434A4B /* Info.plist */,
				19489D0A2BCEE75300434A4B /* CustomTableViewCell.swift */,
				19489D0B2BCEE75300434A4B /* CustomTableViewCell.xib */,
			);
			path = TabViewExample;
			sourceTree = "<group>";
		};
		19489CEC2BCD7A6D00434A4B /* TabViewExampleTests */ = {
			isa = PBXGroup;
			children = (
				19489CED2BCD7A6D00434A4B /* TabViewExampleTests.swift */,
			);
			path = TabViewExampleTests;
			sourceTree = "<group>";
		};
		19489CF62BCD7A6D00434A4B /* TabViewExampleUITests */ = {
			isa = PBXGroup;
			children = (
				19489CF72BCD7A6D00434A4B /* TabViewExampleUITests.swift */,
				19489CF92BCD7A6D00434A4B /* TabViewExampleUITestsLaunchTests.swift */,
			);
			path = TabViewExampleUITests;
			sourceTree = "<group>";
		};
/* End PBXGroup section */

/* Begin PBXNativeTarget section */
		19489CD22BCD7A6A00434A4B /* TabViewExample */ = {
			isa = PBXNativeTarget;
			buildConfigurationList = 19489CFD2BCD7A6D00434A4B /* Build configuration list for PBXNativeTarget "TabViewExample" */;
			buildPhases = (
				19489CCF2BCD7A6A00434A4B /* Sources */,
				19489CD02BCD7A6A00434A4B /* Frameworks */,
				19489CD12BCD7A6A00434A4B /* Resources */,
			);
			buildRules = (
			);
			dependencies = (
			);
			name = TabViewExample;
			productName = TabViewExample;
			productReference = 19489CD32BCD7A6A00434A4B /* TabViewExample.app */;
			productType = "com.apple.product-type.application";
		};
		19489CE82BCD7A6D00434A4B /* TabViewExampleTests */ = {
			isa = PBXNativeTarget;
			buildConfigurationList = 19489D002BCD7A6D00434A4B /* Build configuration list for PBXNativeTarget "TabViewExampleTests" */;
			buildPhases = (
				19489CE52BCD7A6D00434A4B /* Sources */,
				19489CE62BCD7A6D00434A4B /* Frameworks */,
				19489CE72BCD7A6D00434A4B /* Resources */,
			);
			buildRules = (
			);
			dependencies = (
				19489CEB2BCD7A6D00434A4B /* PBXTargetDependency */,
			);
			name = TabViewExampleTests;
			productName = TabViewExampleTests;
			productReference = 19489CE92BCD7A6D00434A4B /* TabViewExampleTests.xctest */;
			productType = "com.apple.product-type.bundle.unit-test";
		};
		19489CF22BCD7A6D00434A4B /* TabViewExampleUITests */ = {
			isa = PBXNativeTarget;
			buildConfigurationList = 19489D032BCD7A6D00434A4B /* Build configuration list for PBXNativeTarget "TabViewExampleUITests" */;
			buildPhases = (
				19489CEF2BCD7A6D00434A4B /* Sources */,
				19489CF02BCD7A6D00434A4B /* Frameworks */,
				19489CF12BCD7A6D00434A4B /* Resources */,
			);
			buildRules = (
			);
			dependencies = (
				19489CF52BCD7A6D00434A4B /* PBXTargetDependency */,
			);
			name = TabViewExampleUITests;
			productName = TabViewExampleUITests;
			productReference = 19489CF32BCD7A6D00434A4B /* TabViewExampleUITests.xctest */;
			productType = "com.apple.product-type.bundle.ui-testing";
		};
/* End PBXNativeTarget section */

/* Begin PBXProject section */
		19489CCB2BCD7A6A00434A4B /* Project object */ = {
			isa = PBXProject;
			attributes = {
				BuildIndependentTargetsInParallel = 1;
				LastSwiftUpdateCheck = 1530;
				LastUpgradeCheck = 1530;
				TargetAttributes = {
					19489CD22BCD7A6A00434A4B = {
						CreatedOnToolsVersion = 15.3;
					};
					19489CE82BCD7A6D00434A4B = {
						CreatedOnToolsVersion = 15.3;
						TestTargetID = 19489CD22BCD7A6A00434A4B;
					};
					19489CF22BCD7A6D00434A4B = {
						CreatedOnToolsVersion = 15.3;
						TestTargetID = 19489CD22BCD7A6A00434A4B;
					};
				};
			};
			buildConfigurationList = 19489CCE2BCD7A6A00434A4B /* Build configuration list for PBXProject "TabViewExample" */;
			compatibilityVersion = "Xcode 14.0";
			developmentRegion = en;
			hasScannedForEncodings = 0;
			knownRegions = (
				en,
				Base,
			);
			mainGroup = 19489CCA2BCD7A6A00434A4B;
			productRefGroup = 19489CD42BCD7A6A00434A4B /* Products */;
			projectDirPath = "";
			projectRoot = "";
			targets = (
				19489CD22BCD7A6A00434A4B /* TabViewExample */,
				19489CE82BCD7A6D00434A4B /* TabViewExampleTests */,
				19489CF22BCD7A6D00434A4B /* TabViewExampleUITests */,
			);
		};
/* End PBXProject section */

/* Begin PBXResourcesBuildPhase section */
		19489CD12BCD7A6A00434A4B /* Resources */ = {
			isa = PBXResourcesBuildPhase;
			buildActionMask = 2147483647;
			files = (
				19489CE02BCD7A6D00434A4B /* Assets.xcassets in Resources */,
				19489CE32BCD7A6D00434A4B /* Base in Resources */,
				19489D0D2BCEE75300434A4B /* CustomTableViewCell.xib in Resources */,
				19489CDE2BCD7A6A00434A4B /* Base in Resources */,
			);
			runOnlyForDeploymentPostprocessing = 0;
		};
		19489CE72BCD7A6D00434A4B /* Resources */ = {
			isa = PBXResourcesBuildPhase;
			buildActionMask = 2147483647;
			files = (
			);
			runOnlyForDeploymentPostprocessing = 0;
		};
		19489CF12BCD7A6D00434A4B /* Resources */ = {
			isa = PBXResourcesBuildPhase;
			buildActionMask = 2147483647;
			files = (
			);
			runOnlyForDeploymentPostprocessing = 0;
		};
/* End PBXResourcesBuildPhase section */

/* Begin PBXSourcesBuildPhase section */
		19489CCF2BCD7A6A00434A4B /* Sources */ = {
			isa = PBXSourcesBuildPhase;
			buildActionMask = 2147483647;
			files = (
				19489CDB2BCD7A6A00434A4B /* ViewController.swift in Sources */,
				19489D0C2BCEE75300434A4B /* CustomTableViewCell.swift in Sources */,
				19489CD72BCD7A6A00434A4B /* AppDelegate.swift in Sources */,
				19489D092BCEE5CA00434A4B /* TodoModel.swift in Sources */,
				19489CD92BCD7A6A00434A4B /* SceneDelegate.swift in Sources */,
				19489D0F2BCEEC8800434A4B /* AddTodoController.swift in Sources */,
			);
			runOnlyForDeploymentPostprocessing = 0;
		};
		19489CE52BCD7A6D00434A4B /* Sources */ = {
			isa = PBXSourcesBuildPhase;
			buildActionMask = 2147483647;
			files = (
				19489CEE2BCD7A6D00434A4B /* TabViewExampleTests.swift in Sources */,
			);
			runOnlyForDeploymentPostprocessing = 0;
		};
		19489CEF2BCD7A6D00434A4B /* Sources */ = {
			isa = PBXSourcesBuildPhase;
			buildActionMask = 2147483647;
			files = (
				19489CFA2BCD7A6D00434A4B /* TabViewExampleUITestsLaunchTests.swift in Sources */,
				19489CF82BCD7A6D00434A4B /* TabViewExampleUITests.swift in Sources */,
			);
			runOnlyForDeploymentPostprocessing = 0;
		};
/* End PBXSourcesBuildPhase section */

/* Begin PBXTargetDependency section */
		19489CEB2BCD7A6D00434A4B /* PBXTargetDependency */ = {
			isa = PBXTargetDependency;
			target = 19489CD22BCD7A6A00434A4B /* TabViewExample */;
			targetProxy = 19489CEA2BCD7A6D00434A4B /* PBXContainerItemProxy */;
		};
		19489CF52BCD7A6D00434A4B /* PBXTargetDependency */ = {
			isa = PBXTargetDependency;
			target = 19489CD22BCD7A6A00434A4B /* TabViewExample */;
			targetProxy = 19489CF42BCD7A6D00434A4B /* PBXContainerItemProxy */;
		};
/* End PBXTargetDependency section */

/* Begin PBXVariantGroup section */
		19489CDC2BCD7A6A00434A4B /* Main.storyboard */ = {
			isa = PBXVariantGroup;
			children = (
				19489CDD2BCD7A6A00434A4B /* Base */,
			);
			name = Main.storyboard;
			sourceTree = "<group>";
		};
		19489CE12BCD7A6D00434A4B /* LaunchScreen.storyboard */ = {
			isa = PBXVariantGroup;
			children = (
				19489CE22BCD7A6D00434A4B /* Base */,
			);
			name = LaunchScreen.storyboard;
			sourceTree = "<group>";
		};
/* End PBXVariantGroup section */

/* Begin XCBuildConfiguration section */
		19489CFB2BCD7A6D00434A4B /* Debug */ = {
			isa = XCBuildConfiguration;
			buildSettings = {
				ALWAYS_SEARCH_USER_PATHS = NO;
				ASSETCATALOG_COMPILER_GENERATE_SWIFT_ASSET_SYMBOL_EXTENSIONS = YES;
				CLANG_ANALYZER_NONNULL = YES;
				CLANG_ANALYZER_NUMBER_OBJECT_CONVERSION = YES_AGGRESSIVE;
				CLANG_CXX_LANGUAGE_STANDARD = "gnu++20";
				CLANG_ENABLE_MODULES = YES;
				CLANG_ENABLE_OBJC_ARC = YES;
				CLANG_ENABLE_OBJC_WEAK = YES;
				CLANG_WARN_BLOCK_CAPTURE_AUTORELEASING = YES;
				CLANG_WARN_BOOL_CONVERSION = YES;
				CLANG_WARN_COMMA = YES;
				CLANG_WARN_CONSTANT_CONVERSION = YES;
				CLANG_WARN_DEPRECATED_OBJC_IMPLEMENTATIONS = YES;
				CLANG_WARN_DIRECT_OBJC_ISA_USAGE = YES_ERROR;
				CLANG_WARN_DOCUMENTATION_COMMENTS = YES;
				CLANG_WARN_EMPTY_BODY = YES;
				CLANG_WARN_ENUM_CONVERSION = YES;
				CLANG_WARN_INFINITE_RECURSION = YES;
				CLANG_WARN_INT_CONVERSION = YES;
				CLANG_WARN_NON_LITERAL_NULL_CONVERSION = YES;
				CLANG_WARN_OBJC_IMPLICIT_RETAIN_SELF = YES;
				CLANG_WARN_OBJC_LITERAL_CONVERSION = YES;
				CLANG_WARN_OBJC_ROOT_CLASS = YES_ERROR;
				CLANG_WARN_QUOTED_INCLUDE_IN_FRAMEWORK_HEADER = YES;
				CLANG_WARN_RANGE_LOOP_ANALYSIS = YES;
				CLANG_WARN_STRICT_PROTOTYPES = YES;
				CLANG_WARN_SUSPICIOUS_MOVE = YES;
				CLANG_WARN_UNGUARDED_AVAILABILITY = YES_AGGRESSIVE;
				CLANG_WARN_UNREACHABLE_CODE = YES;
				CLANG_WARN__DUPLICATE_METHOD_MATCH = YES;
				COPY_PHASE_STRIP = NO;
				DEBUG_INFORMATION_FORMAT = dwarf;
				ENABLE_STRICT_OBJC_MSGSEND = YES;
				ENABLE_TESTABILITY = YES;
				ENABLE_USER_SCRIPT_SANDBOXING = YES;
				GCC_C_LANGUAGE_STANDARD = gnu17;
				GCC_DYNAMIC_NO_PIC = NO;
				GCC_NO_COMMON_BLOCKS = YES;
				GCC_OPTIMIZATION_LEVEL = 0;
				GCC_PREPROCESSOR_DEFINITIONS = (
					"DEBUG=1",
					"$(inherited)",
				);
				GCC_WARN_64_TO_32_BIT_CONVERSION = YES;
				GCC_WARN_ABOUT_RETURN_TYPE = YES_ERROR;
				GCC_WARN_UNDECLARED_SELECTOR = YES;
				GCC_WARN_UNINITIALIZED_AUTOS = YES_AGGRESSIVE;
				GCC_WARN_UNUSED_FUNCTION = YES;
				GCC_WARN_UNUSED_VARIABLE = YES;
				IPHONEOS_DEPLOYMENT_TARGET = 17.4;
				LOCALIZATION_PREFERS_STRING_CATALOGS = YES;
				MTL_ENABLE_DEBUG_INFO = INCLUDE_SOURCE;
				MTL_FAST_MATH = YES;
				ONLY_ACTIVE_ARCH = YES;
				SDKROOT = iphoneos;
				SWIFT_ACTIVE_COMPILATION_CONDITIONS = "DEBUG $(inherited)";
				SWIFT_OPTIMIZATION_LEVEL = "-Onone";
			};
			name = Debug;
		};
		19489CFC2BCD7A6D00434A4B /* Release */ = {
			isa = XCBuildConfiguration;
			buildSettings = {
				ALWAYS_SEARCH_USER_PATHS = NO;
				ASSETCATALOG_COMPILER_GENERATE_SWIFT_ASSET_SYMBOL_EXTENSIONS = YES;
				CLANG_ANALYZER_NONNULL = YES;
				CLANG_ANALYZER_NUMBER_OBJECT_CONVERSION = YES_AGGRESSIVE;
				CLANG_CXX_LANGUAGE_STANDARD = "gnu++20";
				CLANG_ENABLE_MODULES = YES;
				CLANG_ENABLE_OBJC_ARC = YES;
				CLANG_ENABLE_OBJC_WEAK = YES;
				CLANG_WARN_BLOCK_CAPTURE_AUTORELEASING = YES;
				CLANG_WARN_BOOL_CONVERSION = YES;
				CLANG_WARN_COMMA = YES;
				CLANG_WARN_CONSTANT_CONVERSION = YES;
				CLANG_WARN_DEPRECATED_OBJC_IMPLEMENTATIONS = YES;
				CLANG_WARN_DIRECT_OBJC_ISA_USAGE = YES_ERROR;
				CLANG_WARN_DOCUMENTATION_COMMENTS = YES;
				CLANG_WARN_EMPTY_BODY = YES;
				CLANG_WARN_ENUM_CONVERSION = YES;
				CLANG_WARN_INFINITE_RECURSION = YES;
				CLANG_WARN_INT_CONVERSION = YES;
				CLANG_WARN_NON_LITERAL_NULL_CONVERSION = YES;
				CLANG_WARN_OBJC_IMPLICIT_RETAIN_SELF = YES;
				CLANG_WARN_OBJC_LITERAL_CONVERSION = YES;
				CLANG_WARN_OBJC_ROOT_CLASS = YES_ERROR;
				CLANG_WARN_QUOTED_INCLUDE_IN_FRAMEWORK_HEADER = YES;
				CLANG_WARN_RANGE_LOOP_ANALYSIS = YES;
				CLANG_WARN_STRICT_PROTOTYPES = YES;
				CLANG_WARN_SUSPICIOUS_MOVE = YES;
				CLANG_WARN_UNGUARDED_AVAILABILITY = YES_AGGRESSIVE;
				CLANG_WARN_UNREACHABLE_CODE = YES;
				CLANG_WARN__DUPLICATE_METHOD_MATCH = YES;
				COPY_PHASE_STRIP = NO;
				DEBUG_INFORMATION_FORMAT = "dwarf-with-dsym";
				ENABLE_NS_ASSERTIONS = NO;
				ENABLE_STRICT_OBJC_MSGSEND = YES;
				ENABLE_USER_SCRIPT_SANDBOXING = YES;
				GCC_C_LANGUAGE_STANDARD = gnu17;
				GCC_NO_COMMON_BLOCKS = YES;
				GCC_WARN_64_TO_32_BIT_CONVERSION = YES;
				GCC_WARN_ABOUT_RETURN_TYPE = YES_ERROR;
				GCC_WARN_UNDECLARED_SELECTOR = YES;
				GCC_WARN_UNINITIALIZED_AUTOS = YES_AGGRESSIVE;
				GCC_WARN_UNUSED_FUNCTION = YES;
				GCC_WARN_UNUSED_VARIABLE = YES;
				IPHONEOS_DEPLOYMENT_TARGET = 17.4;
				LOCALIZATION_PREFERS_STRING_CATALOGS = YES;
				MTL_ENABLE_DEBUG_INFO = NO;
				MTL_FAST_MATH = YES;
				SDKROOT = iphoneos;
				SWIFT_COMPILATION_MODE = wholemodule;
				VALIDATE_PRODUCT = YES;
			};
			name = Release;
		};
		19489CFE2BCD7A6D00434A4B /* Debug */ = {
			isa = XCBuildConfiguration;
			buildSettings = {
				ASSETCATALOG_COMPILER_APPICON_NAME = AppIcon;
				ASSETCATALOG_COMPILER_GLOBAL_ACCENT_COLOR_NAME = AccentColor;
				CODE_SIGN_STYLE = Automatic;
				CURRENT_PROJECT_VERSION = 1;
				DEVELOPMENT_TEAM = 75R94643XW;
				GENERATE_INFOPLIST_FILE = YES;
				INFOPLIST_FILE = TabViewExample/Info.plist;
				INFOPLIST_KEY_UIApplicationSupportsIndirectInputEvents = YES;
				INFOPLIST_KEY_UILaunchStoryboardName = LaunchScreen;
				INFOPLIST_KEY_UIMainStoryboardFile = Main;
				INFOPLIST_KEY_UISupportedInterfaceOrientations_iPad = "UIInterfaceOrientationPortrait UIInterfaceOrientationPortraitUpsideDown UIInterfaceOrientationLandscapeLeft UIInterfaceOrientationLandscapeRight";
				INFOPLIST_KEY_UISupportedInterfaceOrientations_iPhone = "UIInterfaceOrientationPortrait UIInterfaceOrientationLandscapeLeft UIInterfaceOrientationLandscapeRight";
				IPHONEOS_DEPLOYMENT_TARGET = 17.3;
				LD_RUNPATH_SEARCH_PATHS = (
					"$(inherited)",
					"@executable_path/Frameworks",
				);
				MARKETING_VERSION = 1.0;
				PRODUCT_BUNDLE_IDENTIFIER = com.antriksh.TabViewExample;
				PRODUCT_NAME = "$(TARGET_NAME)";
				SWIFT_EMIT_LOC_STRINGS = YES;
				SWIFT_VERSION = 5.0;
				TARGETED_DEVICE_FAMILY = "1,2";
			};
			name = Debug;
		};
		19489CFF2BCD7A6D00434A4B /* Release */ = {
			isa = XCBuildConfiguration;
			buildSettings = {
				ASSETCATALOG_COMPILER_APPICON_NAME = AppIcon;
				ASSETCATALOG_COMPILER_GLOBAL_ACCENT_COLOR_NAME = AccentColor;
				CODE_SIGN_STYLE = Automatic;
				CURRENT_PROJECT_VERSION = 1;
				DEVELOPMENT_TEAM = 75R94643XW;
				GENERATE_INFOPLIST_FILE = YES;
				INFOPLIST_FILE = TabViewExample/Info.plist;
				INFOPLIST_KEY_UIApplicationSupportsIndirectInputEvents = YES;
				INFOPLIST_KEY_UILaunchStoryboardName = LaunchScreen;
				INFOPLIST_KEY_UIMainStoryboardFile = Main;
				INFOPLIST_KEY_UISupportedInterfaceOrientations_iPad = "UIInterfaceOrientationPortrait UIInterfaceOrientationPortraitUpsideDown UIInterfaceOrientationLandscapeLeft UIInterfaceOrientationLandscapeRight";
				INFOPLIST_KEY_UISupportedInterfaceOrientations_iPhone = "UIInterfaceOrientationPortrait UIInterfaceOrientationLandscapeLeft UIInterfaceOrientationLandscapeRight";
				IPHONEOS_DEPLOYMENT_TARGET = 17.3;
				LD_RUNPATH_SEARCH_PATHS = (
					"$(inherited)",
					"@executable_path/Frameworks",
				);
				MARKETING_VERSION = 1.0;
				PRODUCT_BUNDLE_IDENTIFIER = com.antriksh.TabViewExample;
				PRODUCT_NAME = "$(TARGET_NAME)";
				SWIFT_EMIT_LOC_STRINGS = YES;
				SWIFT_VERSION = 5.0;
				TARGETED_DEVICE_FAMILY = "1,2";
			};
			name = Release;
		};
		19489D012BCD7A6D00434A4B /* Debug */ = {
			isa = XCBuildConfiguration;
			buildSettings = {
				ALWAYS_EMBED_SWIFT_STANDARD_LIBRARIES = YES;
				BUNDLE_LOADER = "$(TEST_HOST)";
				CODE_SIGN_STYLE = Automatic;
				CURRENT_PROJECT_VERSION = 1;
				DEVELOPMENT_TEAM = 75R94643XW;
				GENERATE_INFOPLIST_FILE = YES;
				IPHONEOS_DEPLOYMENT_TARGET = 17.4;
				MARKETING_VERSION = 1.0;
				PRODUCT_BUNDLE_IDENTIFIER = com.antriksh.TabViewExampleTests;
				PRODUCT_NAME = "$(TARGET_NAME)";
				SWIFT_EMIT_LOC_STRINGS = NO;
				SWIFT_VERSION = 5.0;
				TARGETED_DEVICE_FAMILY = "1,2";
				TEST_HOST = "$(BUILT_PRODUCTS_DIR)/TabViewExample.app/$(BUNDLE_EXECUTABLE_FOLDER_PATH)/TabViewExample";
			};
			name = Debug;
		};
		19489D022BCD7A6D00434A4B /* Release */ = {
			isa = XCBuildConfiguration;
			buildSettings = {
				ALWAYS_EMBED_SWIFT_STANDARD_LIBRARIES = YES;
				BUNDLE_LOADER = "$(TEST_HOST)";
				CODE_SIGN_STYLE = Automatic;
				CURRENT_PROJECT_VERSION = 1;
				DEVELOPMENT_TEAM = 75R94643XW;
				GENERATE_INFOPLIST_FILE = YES;
				IPHONEOS_DEPLOYMENT_TARGET = 17.4;
				MARKETING_VERSION = 1.0;
				PRODUCT_BUNDLE_IDENTIFIER = com.antriksh.TabViewExampleTests;
				PRODUCT_NAME = "$(TARGET_NAME)";
				SWIFT_EMIT_LOC_STRINGS = NO;
				SWIFT_VERSION = 5.0;
				TARGETED_DEVICE_FAMILY = "1,2";
				TEST_HOST = "$(BUILT_PRODUCTS_DIR)/TabViewExample.app/$(BUNDLE_EXECUTABLE_FOLDER_PATH)/TabViewExample";
			};
			name = Release;
		};
		19489D042BCD7A6D00434A4B /* Debug */ = {
			isa = XCBuildConfiguration;
			buildSettings = {
				ALWAYS_EMBED_SWIFT_STANDARD_LIBRARIES = YES;
				CODE_SIGN_STYLE = Automatic;
				CURRENT_PROJECT_VERSION = 1;
				DEVELOPMENT_TEAM = 75R94643XW;
				GENERATE_INFOPLIST_FILE = YES;
				MARKETING_VERSION = 1.0;
				PRODUCT_BUNDLE_IDENTIFIER = com.antriksh.TabViewExampleUITests;
				PRODUCT_NAME = "$(TARGET_NAME)";
				SWIFT_EMIT_LOC_STRINGS = NO;
				SWIFT_VERSION = 5.0;
				TARGETED_DEVICE_FAMILY = "1,2";
				TEST_TARGET_NAME = TabViewExample;
			};
			name = Debug;
		};
		19489D052BCD7A6D00434A4B /* Release */ = {
			isa = XCBuildConfiguration;
			buildSettings = {
				ALWAYS_EMBED_SWIFT_STANDARD_LIBRARIES = YES;
				CODE_SIGN_STYLE = Automatic;
				CURRENT_PROJECT_VERSION = 1;
				DEVELOPMENT_TEAM = 75R94643XW;
				GENERATE_INFOPLIST_FILE = YES;
				MARKETING_VERSION = 1.0;
				PRODUCT_BUNDLE_IDENTIFIER = com.antriksh.TabViewExampleUITests;
				PRODUCT_NAME = "$(TARGET_NAME)";
				SWIFT_EMIT_LOC_STRINGS = NO;
				SWIFT_VERSION = 5.0;
				TARGETED_DEVICE_FAMILY = "1,2";
				TEST_TARGET_NAME = TabViewExample;
			};
			name = Release;
		};
/* End XCBuildConfiguration section */

/* Begin XCConfigurationList section */
		19489CCE2BCD7A6A00434A4B /* Build configuration list for PBXProject "TabViewExample" */ = {
			isa = XCConfigurationList;
			buildConfigurations = (
				19489CFB2BCD7A6D00434A4B /* Debug */,
				19489CFC2BCD7A6D00434A4B /* Release */,
			);
			defaultConfigurationIsVisible = 0;
			defaultConfigurationName = Release;
		};
		19489CFD2BCD7A6D00434A4B /* Build configuration list for PBXNativeTarget "TabViewExample" */ = {
			isa = XCConfigurationList;
			buildConfigurations = (
				19489CFE2BCD7A6D00434A4B /* Debug */,
				19489CFF2BCD7A6D00434A4B /* Release */,
			);
			defaultConfigurationIsVisible = 0;
			defaultConfigurationName = Release;
		};
		19489D002BCD7A6D00434A4B /* Build configuration list for PBXNativeTarget "TabViewExampleTests" */ = {
			isa = XCConfigurationList;
			buildConfigurations = (
				19489D012BCD7A6D00434A4B /* Debug */,
				19489D022BCD7A6D00434A4B /* Release */,
			);
			defaultConfigurationIsVisible = 0;
			defaultConfigurationName = Release;
		};
		19489D032BCD7A6D00434A4B /* Build configuration list for PBXNativeTarget "TabViewExampleUITests" */ = {
			isa = XCConfigurationList;
			buildConfigurations = (
				19489D042BCD7A6D00434A4B /* Debug */,
				19489D052BCD7A6D00434A4B /* Release */,
			);
			defaultConfigurationIsVisible = 0;
			defaultConfigurationName = Release;
		};
/* End XCConfigurationList section */
	};
	rootObject = 19489CCB2BCD7A6A00434A4B /* Project object */;
}
